{
  "object": {
    "pins": [
      {
        "package": "ChatBotSDK",
        "repositoryURL": "https://github.com/dmoroz0v/ChatBotSDK.git",
        "state": {
          "branch": null,
          "revision": "868133a8174d6faddc1dcc74abff472f7db1fb7c",
          "version": "0.0.1"
        }
      },
      {
        "package": "SQLite.swift",
        "repositoryURL": "https://github.com/stephencelis/SQLite.swift.git",
        "state": {
          "branch": null,
          "revision": "0a9893ec030501a3956bee572d6b4fdd3ae158a1",
          "version": "0.12.2"
        }
      },
      {
        "package": "TgBotSDK",
        "repositoryURL": "https://github.com/dmoroz0v/TgBotSDK.git",
        "state": {
          "branch": null,
          "revision": "faf44d53a1325142850af5ebf8ecf7aaaa19a30e",
          "version": "0.0.2"
        }
      }
    ]
  },
  "version": 1
}
